// !$*UTF8*$!
{
	archiveVersion = 1;
	classes = {
	};
	objectVersion = 50;
	objects = {

/* Begin PBXBuildFile section */
		511E658222935052003E221E /* FileManagerService.swift in Sources */ = {isa = PBXBuildFile; fileRef = 511E658122935052003E221E /* FileManagerService.swift */; };
		511E65862293574F003E221E /* MatrixService.swift in Sources */ = {isa = PBXBuildFile; fileRef = 511E65852293574F003E221E /* MatrixService.swift */; };
		511E658A2293593D003E221E /* PlayfairDecrypter.swift in Sources */ = {isa = PBXBuildFile; fileRef = 511E65892293593D003E221E /* PlayfairDecrypter.swift */; };
		511E658C22935944003E221E /* PlayfairEncrypter.swift in Sources */ = {isa = PBXBuildFile; fileRef = 511E658B22935944003E221E /* PlayfairEncrypter.swift */; };
		511E658E229359DD003E221E /* EncryptViewController.swift in Sources */ = {isa = PBXBuildFile; fileRef = 511E658D229359DD003E221E /* EncryptViewController.swift */; };
		511E6590229359EA003E221E /* DecryptViewController.swift in Sources */ = {isa = PBXBuildFile; fileRef = 511E658F229359EA003E221E /* DecryptViewController.swift */; };
		511E659322935A3E003E221E /* BigramAdapter.swift in Sources */ = {isa = PBXBuildFile; fileRef = 511E659222935A3E003E221E /* BigramAdapter.swift */; };
		511E659622935CB4003E221E /* Bigram.swift in Sources */ = {isa = PBXBuildFile; fileRef = 511E659522935CB4003E221E /* Bigram.swift */; };
		5196DE8E220A11090062CA3C /* SecondViewController.swift in Sources */ = {isa = PBXBuildFile; fileRef = 5196DE8D220A11090062CA3C /* SecondViewController.swift */; };
		51B5CD552208F7BC00AC5D5A /* AppDelegate.swift in Sources */ = {isa = PBXBuildFile; fileRef = 51B5CD542208F7BC00AC5D5A /* AppDelegate.swift */; };
		51B5CD592208F7BE00AC5D5A /* Assets.xcassets in Resources */ = {isa = PBXBuildFile; fileRef = 51B5CD582208F7BE00AC5D5A /* Assets.xcassets */; };
		51B5CD5C2208F7BE00AC5D5A /* Main.storyboard in Resources */ = {isa = PBXBuildFile; fileRef = 51B5CD5A2208F7BE00AC5D5A /* Main.storyboard */; };
		51D6B3CC2291FDE6003F8F9E /* MartixItem.swift in Sources */ = {isa = PBXBuildFile; fileRef = 51D6B3CA2291FDE6003F8F9E /* MartixItem.swift */; };
		51D6B3CD2291FDE6003F8F9E /* MartixItem.xib in Resources */ = {isa = PBXBuildFile; fileRef = 51D6B3CB2291FDE6003F8F9E /* MartixItem.xib */; };
/* End PBXBuildFile section */

/* Begin PBXFileReference section */
		511E658122935052003E221E /* FileManagerService.swift */ = {isa = PBXFileReference; lastKnownFileType = sourcecode.swift; path = FileManagerService.swift; sourceTree = "<group>"; };
		511E65852293574F003E221E /* MatrixService.swift */ = {isa = PBXFileReference; lastKnownFileType = sourcecode.swift; path = MatrixService.swift; sourceTree = "<group>"; };
		511E65892293593D003E221E /* PlayfairDecrypter.swift */ = {isa = PBXFileReference; lastKnownFileType = sourcecode.swift; path = PlayfairDecrypter.swift; sourceTree = "<group>"; };
		511E658B22935944003E221E /* PlayfairEncrypter.swift */ = {isa = PBXFileReference; lastKnownFileType = sourcecode.swift; path = PlayfairEncrypter.swift; sourceTree = "<group>"; };
		511E658D229359DD003E221E /* EncryptViewController.swift */ = {isa = PBXFileReference; lastKnownFileType = sourcecode.swift; path = EncryptViewController.swift; sourceTree = "<group>"; };
		511E658F229359EA003E221E /* DecryptViewController.swift */ = {isa = PBXFileReference; lastKnownFileType = sourcecode.swift; path = DecryptViewController.swift; sourceTree = "<group>"; };
		511E659222935A3E003E221E /* BigramAdapter.swift */ = {isa = PBXFileReference; lastKnownFileType = sourcecode.swift; path = BigramAdapter.swift; sourceTree = "<group>"; };
		511E659522935CB4003E221E /* Bigram.swift */ = {isa = PBXFileReference; lastKnownFileType = sourcecode.swift; path = Bigram.swift; sourceTree = "<group>"; };
		5196DE8D220A11090062CA3C /* SecondViewController.swift */ = {isa = PBXFileReference; lastKnownFileType = sourcecode.swift; path = SecondViewController.swift; sourceTree = "<group>"; };
		51B5CD512208F7BC00AC5D5A /* Crypto.app */ = {isa = PBXFileReference; explicitFileType = wrapper.application; includeInIndex = 0; path = Crypto.app; sourceTree = BUILT_PRODUCTS_DIR; };
		51B5CD542208F7BC00AC5D5A /* AppDelegate.swift */ = {isa = PBXFileReference; lastKnownFileType = sourcecode.swift; path = AppDelegate.swift; sourceTree = "<group>"; };
		51B5CD582208F7BE00AC5D5A /* Assets.xcassets */ = {isa = PBXFileReference; lastKnownFileType = folder.assetcatalog; path = Assets.xcassets; sourceTree = "<group>"; };
		51B5CD5B2208F7BE00AC5D5A /* Base */ = {isa = PBXFileReference; lastKnownFileType = file.storyboard; name = Base; path = Base.lproj/Main.storyboard; sourceTree = "<group>"; };
		51B5CD5D2208F7BE00AC5D5A /* Info.plist */ = {isa = PBXFileReference; lastKnownFileType = text.plist.xml; path = Info.plist; sourceTree = "<group>"; };
		51B5CD5E2208F7BE00AC5D5A /* Crypto.entitlements */ = {isa = PBXFileReference; lastKnownFileType = text.plist.entitlements; path = Crypto.entitlements; sourceTree = "<group>"; };
		51D6B3CA2291FDE6003F8F9E /* MartixItem.swift */ = {isa = PBXFileReference; lastKnownFileType = sourcecode.swift; path = MartixItem.swift; sourceTree = "<group>"; };
		51D6B3CB2291FDE6003F8F9E /* MartixItem.xib */ = {isa = PBXFileReference; lastKnownFileType = file.xib; path = MartixItem.xib; sourceTree = "<group>"; };
/* End PBXFileReference section */

/* Begin PBXFrameworksBuildPhase section */
		51B5CD4E2208F7BC00AC5D5A /* Frameworks */ = {
			isa = PBXFrameworksBuildPhase;
			buildActionMask = 2147483647;
			files = (
			);
			runOnlyForDeploymentPostprocessing = 0;
		};
/* End PBXFrameworksBuildPhase section */

/* Begin PBXGroup section */
		511E657D2293500A003E221E /* Resources */ = {
			isa = PBXGroup;
			children = (
				51B5CD582208F7BE00AC5D5A /* Assets.xcassets */,
				51B5CD5D2208F7BE00AC5D5A /* Info.plist */,
				51B5CD5E2208F7BE00AC5D5A /* Crypto.entitlements */,
			);
			name = Resources;
			sourceTree = "<group>";
		};
		511E657E22935014003E221E /* Views */ = {
			isa = PBXGroup;
			children = (
				51D6B3CA2291FDE6003F8F9E /* MartixItem.swift */,
				51D6B3CB2291FDE6003F8F9E /* MartixItem.xib */,
			);
			name = Views;
			sourceTree = "<group>";
		};
		511E657F22935021003E221E /* UI */ = {
			isa = PBXGroup;
			children = (
				511E658D229359DD003E221E /* EncryptViewController.swift */,
				511E658F229359EA003E221E /* DecryptViewController.swift */,
				5196DE8D220A11090062CA3C /* SecondViewController.swift */,
				51B5CD5A2208F7BE00AC5D5A /* Main.storyboard */,
			);
			name = UI;
			sourceTree = "<group>";
		};
		511E65802293502A003E221E /* Core */ = {
			isa = PBXGroup;
			children = (
				511E659122935A2B003E221E /* BigramAdapter */,
				511E65872293591A003E221E /* Cypher */,
				511E65842293573C003E221E /* MatrixService */,
				511E658322935721003E221E /* FileManagerService */,
			);
			name = Core;
			sourceTree = "<group>";
		};
		511E658322935721003E221E /* FileManagerService */ = {
			isa = PBXGroup;
			children = (
				511E658122935052003E221E /* FileManagerService.swift */,
			);
			name = FileManagerService;
			sourceTree = "<group>";
		};
		511E65842293573C003E221E /* MatrixService */ = {
			isa = PBXGroup;
			children = (
				511E65852293574F003E221E /* MatrixService.swift */,
			);
			name = MatrixService;
			sourceTree = "<group>";
		};
		511E65872293591A003E221E /* Cypher */ = {
			isa = PBXGroup;
			children = (
				511E658B22935944003E221E /* PlayfairEncrypter.swift */,
				511E65892293593D003E221E /* PlayfairDecrypter.swift */,
			);
			name = Cypher;
			sourceTree = "<group>";
		};
		511E659122935A2B003E221E /* BigramAdapter */ = {
			isa = PBXGroup;
			children = (
				511E659222935A3E003E221E /* BigramAdapter.swift */,
			);
			name = BigramAdapter;
			sourceTree = "<group>";
		};
		511E659422935CAE003E221E /* Model */ = {
			isa = PBXGroup;
			children = (
				511E659522935CB4003E221E /* Bigram.swift */,
			);
			name = Model;
			sourceTree = "<group>";
		};
		51B5CD482208F7BC00AC5D5A = {
			isa = PBXGroup;
			children = (
				51B5CD532208F7BC00AC5D5A /* Crypto */,
				51B5CD522208F7BC00AC5D5A /* Products */,
			);
			sourceTree = "<group>";
		};
		51B5CD522208F7BC00AC5D5A /* Products */ = {
			isa = PBXGroup;
			children = (
				51B5CD512208F7BC00AC5D5A /* Crypto.app */,
			);
			name = Products;
			sourceTree = "<group>";
		};
		51B5CD532208F7BC00AC5D5A /* Crypto */ = {
			isa = PBXGroup;
			children = (
				51B5CD542208F7BC00AC5D5A /* AppDelegate.swift */,
				511E659422935CAE003E221E /* Model */,
				511E65802293502A003E221E /* Core */,
				511E657F22935021003E221E /* UI */,
				511E657E22935014003E221E /* Views */,
				511E657D2293500A003E221E /* Resources */,
			);
			path = Crypto;
			sourceTree = "<group>";
		};
/* End PBXGroup section */

/* Begin PBXNativeTarget section */
		51B5CD502208F7BC00AC5D5A /* Crypto */ = {
			isa = PBXNativeTarget;
			buildConfigurationList = 51B5CD612208F7BE00AC5D5A /* Build configuration list for PBXNativeTarget "Crypto" */;
			buildPhases = (
				51B5CD4D2208F7BC00AC5D5A /* Sources */,
				51B5CD4E2208F7BC00AC5D5A /* Frameworks */,
				51B5CD4F2208F7BC00AC5D5A /* Resources */,
			);
			buildRules = (
			);
			dependencies = (
			);
			name = Crypto;
			productName = Crypto;
			productReference = 51B5CD512208F7BC00AC5D5A /* Crypto.app */;
			productType = "com.apple.product-type.application";
		};
/* End PBXNativeTarget section */

/* Begin PBXProject section */
		51B5CD492208F7BC00AC5D5A /* Project object */ = {
			isa = PBXProject;
			attributes = {
				LastSwiftUpdateCheck = 1010;
				LastUpgradeCheck = 1010;
				ORGANIZATIONNAME = "Vladislav Shilov";
				TargetAttributes = {
					51B5CD502208F7BC00AC5D5A = {
						CreatedOnToolsVersion = 10.1;
						LastSwiftMigration = 1020;
					};
				};
			};
			buildConfigurationList = 51B5CD4C2208F7BC00AC5D5A /* Build configuration list for PBXProject "Crypto" */;
			compatibilityVersion = "Xcode 9.3";
			developmentRegion = en;
			hasScannedForEncodings = 0;
			knownRegions = (
				en,
				Base,
			);
			mainGroup = 51B5CD482208F7BC00AC5D5A;
			productRefGroup = 51B5CD522208F7BC00AC5D5A /* Products */;
			projectDirPath = "";
			projectRoot = "";
			targets = (
				51B5CD502208F7BC00AC5D5A /* Crypto */,
			);
		};
/* End PBXProject section */

/* Begin PBXResourcesBuildPhase section */
		51B5CD4F2208F7BC00AC5D5A /* Resources */ = {
			isa = PBXResourcesBuildPhase;
			buildActionMask = 2147483647;
			files = (
				51B5CD592208F7BE00AC5D5A /* Assets.xcassets in Resources */,
				51D6B3CD2291FDE6003F8F9E /* MartixItem.xib in Resources */,
				51B5CD5C2208F7BE00AC5D5A /* Main.storyboard in Resources */,
			);
			runOnlyForDeploymentPostprocessing = 0;
		};
/* End PBXResourcesBuildPhase section */

/* Begin PBXSourcesBuildPhase section */
		51B5CD4D2208F7BC00AC5D5A /* Sources */ = {
			isa = PBXSourcesBuildPhase;
			buildActionMask = 2147483647;
			files = (
				511E65862293574F003E221E /* MatrixService.swift in Sources */,
				511E658222935052003E221E /* FileManagerService.swift in Sources */,
				511E6590229359EA003E221E /* DecryptViewController.swift in Sources */,
				5196DE8E220A11090062CA3C /* SecondViewController.swift in Sources */,
				51D6B3CC2291FDE6003F8F9E /* MartixItem.swift in Sources */,
				51B5CD552208F7BC00AC5D5A /* AppDelegate.swift in Sources */,
				511E659622935CB4003E221E /* Bigram.swift in Sources */,
				511E658E229359DD003E221E /* EncryptViewController.swift in Sources */,
				511E658C22935944003E221E /* PlayfairEncrypter.swift in Sources */,
				511E658A2293593D003E221E /* PlayfairDecrypter.swift in Sources */,
				511E659322935A3E003E221E /* BigramAdapter.swift in Sources */,
			);
			runOnlyForDeploymentPostprocessing = 0;
		};
/* End PBXSourcesBuildPhase section */

/* Begin PBXVariantGroup section */
		51B5CD5A2208F7BE00AC5D5A /* Main.storyboard */ = {
			isa = PBXVariantGroup;
			children = (
				51B5CD5B2208F7BE00AC5D5A /* Base */,
			);
			name = Main.storyboard;
			sourceTree = "<group>";
		};
/* End PBXVariantGroup section */

/* Begin XCBuildConfiguration section */
		51B5CD5F2208F7BE00AC5D5A /* Debug */ = {
			isa = XCBuildConfiguration;
			buildSettings = {
				ALWAYS_SEARCH_USER_PATHS = NO;
				CLANG_ANALYZER_NONNULL = YES;
				CLANG_ANALYZER_NUMBER_OBJECT_CONVERSION = YES_AGGRESSIVE;
				CLANG_CXX_LANGUAGE_STANDARD = "gnu++14";
				CLANG_CXX_LIBRARY = "libc++";
				CLANG_ENABLE_MODULES = YES;
				CLANG_ENABLE_OBJC_ARC = YES;
				CLANG_ENABLE_OBJC_WEAK = YES;
				CLANG_WARN_BLOCK_CAPTURE_AUTORELEASING = YES;
				CLANG_WARN_BOOL_CONVERSION = YES;
				CLANG_WARN_COMMA = YES;
				CLANG_WARN_CONSTANT_CONVERSION = YES;
				CLANG_WARN_DEPRECATED_OBJC_IMPLEMENTATIONS = YES;
				CLANG_WARN_DIRECT_OBJC_ISA_USAGE = YES_ERROR;
				CLANG_WARN_DOCUMENTATION_COMMENTS = YES;
				CLANG_WARN_EMPTY_BODY = YES;
				CLANG_WARN_ENUM_CONVERSION = YES;
				CLANG_WARN_INFINITE_RECURSION = YES;
				CLANG_WARN_INT_CONVERSION = YES;
				CLANG_WARN_NON_LITERAL_NULL_CONVERSION = YES;
				CLANG_WARN_OBJC_IMPLICIT_RETAIN_SELF = YES;
				CLANG_WARN_OBJC_LITERAL_CONVERSION = YES;
				CLANG_WARN_OBJC_ROOT_CLASS = YES_ERROR;
				CLANG_WARN_RANGE_LOOP_ANALYSIS = YES;
				CLANG_WARN_STRICT_PROTOTYPES = YES;
				CLANG_WARN_SUSPICIOUS_MOVE = YES;
				CLANG_WARN_UNGUARDED_AVAILABILITY = YES_AGGRESSIVE;
				CLANG_WARN_UNREACHABLE_CODE = YES;
				CLANG_WARN__DUPLICATE_METHOD_MATCH = YES;
				CODE_SIGN_IDENTITY = "-";
				COPY_PHASE_STRIP = NO;
				DEBUG_INFORMATION_FORMAT = dwarf;
				ENABLE_STRICT_OBJC_MSGSEND = YES;
				ENABLE_TESTABILITY = YES;
				GCC_C_LANGUAGE_STANDARD = gnu11;
				GCC_DYNAMIC_NO_PIC = NO;
				GCC_NO_COMMON_BLOCKS = YES;
				GCC_OPTIMIZATION_LEVEL = 0;
				GCC_PREPROCESSOR_DEFINITIONS = (
					"DEBUG=1",
					"$(inherited)",
				);
				GCC_WARN_64_TO_32_BIT_CONVERSION = YES;
				GCC_WARN_ABOUT_RETURN_TYPE = YES_ERROR;
				GCC_WARN_UNDECLARED_SELECTOR = YES;
				GCC_WARN_UNINITIALIZED_AUTOS = YES_AGGRESSIVE;
				GCC_WARN_UNUSED_FUNCTION = YES;
				GCC_WARN_UNUSED_VARIABLE = YES;
				MACOSX_DEPLOYMENT_TARGET = 10.14;
				MTL_ENABLE_DEBUG_INFO = INCLUDE_SOURCE;
				MTL_FAST_MATH = YES;
				ONLY_ACTIVE_ARCH = YES;
				SDKROOT = macosx;
				SWIFT_ACTIVE_COMPILATION_CONDITIONS = DEBUG;
				SWIFT_OPTIMIZATION_LEVEL = "-Onone";
			};
			name = Debug;
		};
		51B5CD602208F7BE00AC5D5A /* Release */ = {
			isa = XCBuildConfiguration;
			buildSettings = {
				ALWAYS_SEARCH_USER_PATHS = NO;
				CLANG_ANALYZER_NONNULL = YES;
				CLANG_ANALYZER_NUMBER_OBJECT_CONVERSION = YES_AGGRESSIVE;
				CLANG_CXX_LANGUAGE_STANDARD = "gnu++14";
				CLANG_CXX_LIBRARY = "libc++";
				CLANG_ENABLE_MODULES = YES;
				CLANG_ENABLE_OBJC_ARC = YES;
				CLANG_ENABLE_OBJC_WEAK = YES;
				CLANG_WARN_BLOCK_CAPTURE_AUTORELEASING = YES;
				CLANG_WARN_BOOL_CONVERSION = YES;
				CLANG_WARN_COMMA = YES;
				CLANG_WARN_CONSTANT_CONVERSION = YES;
				CLANG_WARN_DEPRECATED_OBJC_IMPLEMENTATIONS = YES;
				CLANG_WARN_DIRECT_OBJC_ISA_USAGE = YES_ERROR;
				CLANG_WARN_DOCUMENTATION_COMMENTS = YES;
				CLANG_WARN_EMPTY_BODY = YES;
				CLANG_WARN_ENUM_CONVERSION = YES;
				CLANG_WARN_INFINITE_RECURSION = YES;
				CLANG_WARN_INT_CONVERSION = YES;
				CLANG_WARN_NON_LITERAL_NULL_CONVERSION = YES;
				CLANG_WARN_OBJC_IMPLICIT_RETAIN_SELF = YES;
				CLANG_WARN_OBJC_LITERAL_CONVERSION = YES;
				CLANG_WARN_OBJC_ROOT_CLASS = YES_ERROR;
				CLANG_WARN_RANGE_LOOP_ANALYSIS = YES;
				CLANG_WARN_STRICT_PROTOTYPES = YES;
				CLANG_WARN_SUSPICIOUS_MOVE = YES;
				CLANG_WARN_UNGUARDED_AVAILABILITY = YES_AGGRESSIVE;
				CLANG_WARN_UNREACHABLE_CODE = YES;
				CLANG_WARN__DUPLICATE_METHOD_MATCH = YES;
				CODE_SIGN_IDENTITY = "-";
				COPY_PHASE_STRIP = NO;
				DEBUG_INFORMATION_FORMAT = "dwarf-with-dsym";
				ENABLE_NS_ASSERTIONS = NO;
				ENABLE_STRICT_OBJC_MSGSEND = YES;
				GCC_C_LANGUAGE_STANDARD = gnu11;
				GCC_NO_COMMON_BLOCKS = YES;
				GCC_WARN_64_TO_32_BIT_CONVERSION = YES;
				GCC_WARN_ABOUT_RETURN_TYPE = YES_ERROR;
				GCC_WARN_UNDECLARED_SELECTOR = YES;
				GCC_WARN_UNINITIALIZED_AUTOS = YES_AGGRESSIVE;
				GCC_WARN_UNUSED_FUNCTION = YES;
				GCC_WARN_UNUSED_VARIABLE = YES;
				MACOSX_DEPLOYMENT_TARGET = 10.14;
				MTL_ENABLE_DEBUG_INFO = NO;
				MTL_FAST_MATH = YES;
				SDKROOT = macosx;
				SWIFT_COMPILATION_MODE = wholemodule;
				SWIFT_OPTIMIZATION_LEVEL = "-O";
			};
			name = Release;
		};
		51B5CD622208F7BE00AC5D5A /* Debug */ = {
			isa = XCBuildConfiguration;
			buildSettings = {
				ASSETCATALOG_COMPILER_APPICON_NAME = AppIcon;
				CODE_SIGN_STYLE = Automatic;
				COMBINE_HIDPI_IMAGES = YES;
				INFOPLIST_FILE = Crypto/Info.plist;
				LD_RUNPATH_SEARCH_PATHS = (
					"$(inherited)",
					"@executable_path/../Frameworks",
				);
				PRODUCT_BUNDLE_IDENTIFIER = "Vladislav-Shilov.Crypto";
				PRODUCT_NAME = "$(TARGET_NAME)";
				SWIFT_VERSION = 5.0;
			};
			name = Debug;
		};
		51B5CD632208F7BE00AC5D5A /* Release */ = {
			isa = XCBuildConfiguration;
			buildSettings = {
				ASSETCATALOG_COMPILER_APPICON_NAME = AppIcon;
				CODE_SIGN_STYLE = Automatic;
				COMBINE_HIDPI_IMAGES = YES;
				INFOPLIST_FILE = Crypto/Info.plist;
				LD_RUNPATH_SEARCH_PATHS = (
					"$(inherited)",
					"@executable_path/../Frameworks",
				);
				PRODUCT_BUNDLE_IDENTIFIER = "Vladislav-Shilov.Crypto";
				PRODUCT_NAME = "$(TARGET_NAME)";
				SWIFT_VERSION = 5.0;
			};
			name = Release;
		};
/* End XCBuildConfiguration section */

/* Begin XCConfigurationList section */
		51B5CD4C2208F7BC00AC5D5A /* Build configuration list for PBXProject "Crypto" */ = {
			isa = XCConfigurationList;
			buildConfigurations = (
				51B5CD5F2208F7BE00AC5D5A /* Debug */,
				51B5CD602208F7BE00AC5D5A /* Release */,
			);
			defaultConfigurationIsVisible = 0;
			defaultConfigurationName = Release;
		};
		51B5CD612208F7BE00AC5D5A /* Build configuration list for PBXNativeTarget "Crypto" */ = {
			isa = XCConfigurationList;
			buildConfigurations = (
				51B5CD622208F7BE00AC5D5A /* Debug */,
				51B5CD632208F7BE00AC5D5A /* Release */,
			);
			defaultConfigurationIsVisible = 0;
			defaultConfigurationName = Release;
		};
/* End XCConfigurationList section */
	};
	rootObject = 51B5CD492208F7BC00AC5D5A /* Project object */;
}
